
Microsoft Visual Studio Solution File, Format Version 12.00
# Visual Studio 2012
Project("{FAE04EC0-301F-11D3-BF4B-00C04F79EFBC}") = "Server", "Server\Server.csproj", "{BF721A05-4577-4D09-8FE3-B8F5EB316C1E}"
EndProject
Project("{FAE04EC0-301F-11D3-BF4B-00C04F79EFBC}") = "Scripts", "Scripts\Scripts.csproj", "{21172598-2C70-4A87-A297-B04426186E3B}"
EndProject
Global
	GlobalSection(SolutionConfigurationPlatforms) = preSolution
		Debug|Any CPU = Debug|Any CPU
		Debug|x86 = Debug|x86
		Release|Any CPU = Release|Any CPU
		Release|x86 = Release|x86
	EndGlobalSection
	GlobalSection(ProjectConfigurationPlatforms) = postSolution
		{BF721A05-4577-4D09-8FE3-B8F5EB316C1E}.Debug|Any CPU.ActiveCfg = Release|Any CPU
		{BF721A05-4577-4D09-8FE3-B8F5EB316C1E}.Debug|Any CPU.Build.0 = Release|Any CPU
		{BF721A05-4577-4D09-8FE3-B8F5EB316C1E}.Debug|x86.ActiveCfg = Release|Any CPU
		{BF721A05-4577-4D09-8FE3-B8F5EB316C1E}.Debug|x86.Build.0 = Release|Any CPU
		{BF721A05-4577-4D09-8FE3-B8F5EB316C1E}.Release|Any CPU.ActiveCfg = Release|Any CPU
		{BF721A05-4577-4D09-8FE3-B8F5EB316C1E}.Release|Any CPU.Build.0 = Release|Any CPU
		{BF721A05-4577-4D09-8FE3-B8F5EB316C1E}.Release|x86.ActiveCfg = Release|Any CPU
		{BF721A05-4577-4D09-8FE3-B8F5EB316C1E}.Release|x86.Build.0 = Release|Any CPU
		{21172598-2C70-4A87-A297-B04426186E3B}.Debug|Any CPU.ActiveCfg = Release|Any CPU
		{21172598-2C70-4A87-A297-B04426186E3B}.Debug|Any CPU.Build.0 = Release|Any CPU
		{21172598-2C70-4A87-A297-B04426186E3B}.Debug|x86.ActiveCfg = Release|Any CPU
		{21172598-2C70-4A87-A297-B04426186E3B}.Debug|x86.Build.0 = Release|Any CPU
		{21172598-2C70-4A87-A297-B04426186E3B}.Release|Any CPU.ActiveCfg = Release|Any CPU
		{21172598-2C70-4A87-A297-B04426186E3B}.Release|Any CPU.Build.0 = Release|Any CPU
		{21172598-2C70-4A87-A297-B04426186E3B}.Release|x86.ActiveCfg = Release|Any CPU
		{21172598-2C70-4A87-A297-B04426186E3B}.Release|x86.Build.0 = Release|Any CPU
	EndGlobalSection
	GlobalSection(SolutionProperties) = preSolution
		HideSolutionNode = FALSE
	EndGlobalSection
EndGlobal
